
Microsoft Visual Studio Solution File, Format Version 12.00
# Visual Studio Version 16
VisualStudioVersion = 16.0.29728.190
MinimumVisualStudioVersion = 10.0.40219.1
Project("{9A19103F-16F7-4668-BE54-9A1E7A4F7556}") = "Run", "Run\Run.csproj", "{87294E9A-B6E1-4F96-8035-E041339E7773}"
EndProject
Project("{FAE04EC0-301F-11D3-BF4B-00C04F79EFBC}") = "JsonDocumentToDynamic", "JsonDocumentToDynamic\JsonDocumentToDynamic.csproj", "{37E44ACF-C3C9-44EE-89C0-9B591BA27CF0}"
EndProject
Global
	GlobalSection(SolutionConfigurationPlatforms) = preSolution
		Debug|Any CPU = Debug|Any CPU
		Release|Any CPU = Release|Any CPU
	EndGlobalSection
	GlobalSection(ProjectConfigurationPlatforms) = postSolution
		{87294E9A-B6E1-4F96-8035-E041339E7773}.Debug|Any CPU.ActiveCfg = Debug|Any CPU
		{87294E9A-B6E1-4F96-8035-E041339E7773}.Debug|Any CPU.Build.0 = Debug|Any CPU
		{87294E9A-B6E1-4F96-8035-E041339E7773}.Release|Any CPU.ActiveCfg = Release|Any CPU
		{87294E9A-B6E1-4F96-8035-E041339E7773}.Release|Any CPU.Build.0 = Release|Any CPU
		{37E44ACF-C3C9-44EE-89C0-9B591BA27CF0}.Debug|Any CPU.ActiveCfg = Debug|Any CPU
		{37E44ACF-C3C9-44EE-89C0-9B591BA27CF0}.Debug|Any CPU.Build.0 = Debug|Any CPU
		{37E44ACF-C3C9-44EE-89C0-9B591BA27CF0}.Release|Any CPU.ActiveCfg = Release|Any CPU
		{37E44ACF-C3C9-44EE-89C0-9B591BA27CF0}.Release|Any CPU.Build.0 = Release|Any CPU
	EndGlobalSection
	GlobalSection(SolutionProperties) = preSolution
		HideSolutionNode = FALSE
	EndGlobalSection
	GlobalSection(ExtensibilityGlobals) = postSolution
		SolutionGuid = {FFE850D7-54A1-46DE-AC4A-9F46EC68D87C}
	EndGlobalSection
EndGlobal
